
Microsoft Visual Studio Solution File, Format Version 12.00
# Visual Studio Version 17
VisualStudioVersion = 17.2.32630.192
MinimumVisualStudioVersion = 10.0.40219.1
Project("{9A19103F-16F7-4668-BE54-9A1E7A4F7556}") = "LeetCode", "LeetCode\LeetCode.csproj", "{0B8D4545-C81F-4D01-B448-DEA21AE5FA00}"
EndProject
Project("{FAE04EC0-301F-11D3-BF4B-00C04F79EFBC}") = "TestCaseExporter", "TestCaseExporter\TestCaseExporter.csproj", "{2D8106E6-4386-4427-9C90-04EA190B7484}"
EndProject
Global
	GlobalSection(SolutionConfigurationPlatforms) = preSolution
		Debug|Any CPU = Debug|Any CPU
		Release|Any CPU = Release|Any CPU
	EndGlobalSection
	GlobalSection(ProjectConfigurationPlatforms) = postSolution
		{0B8D4545-C81F-4D01-B448-DEA21AE5FA00}.Debug|Any CPU.ActiveCfg = Debug|Any CPU
		{0B8D4545-C81F-4D01-B448-DEA21AE5FA00}.Debug|Any CPU.Build.0 = Debug|Any CPU
		{0B8D4545-C81F-4D01-B448-DEA21AE5FA00}.Release|Any CPU.ActiveCfg = Release|Any CPU
		{0B8D4545-C81F-4D01-B448-DEA21AE5FA00}.Release|Any CPU.Build.0 = Release|Any CPU
		{2D8106E6-4386-4427-9C90-04EA190B7484}.Debug|Any CPU.ActiveCfg = Debug|Any CPU
		{2D8106E6-4386-4427-9C90-04EA190B7484}.Debug|Any CPU.Build.0 = Debug|Any CPU
		{2D8106E6-4386-4427-9C90-04EA190B7484}.Release|Any CPU.ActiveCfg = Release|Any CPU
		{2D8106E6-4386-4427-9C90-04EA190B7484}.Release|Any CPU.Build.0 = Release|Any CPU
	EndGlobalSection
	GlobalSection(SolutionProperties) = preSolution
		HideSolutionNode = FALSE
	EndGlobalSection
	GlobalSection(ExtensibilityGlobals) = postSolution
		SolutionGuid = {1C26644D-A659-4ED3-B2E2-52CEEABBB366}
	EndGlobalSection
EndGlobal
