
Microsoft Visual Studio Solution File, Format Version 12.00
# Visual Studio Version 17
VisualStudioVersion = 17.2.32630.192
MinimumVisualStudioVersion = 10.0.40219.1
Project("{9A19103F-16F7-4668-BE54-9A1E7A4F7556}") = "LeetCode", "LeetCode\LeetCode.csproj", "{0B8D4545-C81F-4D01-B448-DEA21AE5FA00}"
EndProject
Project("{9A19103F-16F7-4668-BE54-9A1E7A4F7556}") = "TestCaseExporter", "TestCaseExporter\TestCaseExporter.csproj", "{2D8106E6-4386-4427-9C90-04EA190B7484}"
EndProject
Project("{9A19103F-16F7-4668-BE54-9A1E7A4F7556}") = "TemplateGenerator", "TemplateGenerator\TemplateGenerator.csproj", "{2FA9717D-CF6B-4813-AE82-72A1F3D55A58}"
EndProject
Project("{2150E333-8FDC-42A3-9474-1A3956D46DE8}") = "Solution Items", "Solution Items", "{E6A41FBF-E747-49AA-B605-4BA871AA9E05}"
	ProjectSection(SolutionItems) = preProject
		.editorconfig = .editorconfig
	EndProjectSection
EndProject
Global
	GlobalSection(SolutionConfigurationPlatforms) = preSolution
		Debug|Any CPU = Debug|Any CPU
		Debug|x64 = Debug|x64
		Release|Any CPU = Release|Any CPU
		Release|x64 = Release|x64
	EndGlobalSection
	GlobalSection(ProjectConfigurationPlatforms) = postSolution
		{0B8D4545-C81F-4D01-B448-DEA21AE5FA00}.Debug|Any CPU.ActiveCfg = Debug|Any CPU
		{0B8D4545-C81F-4D01-B448-DEA21AE5FA00}.Debug|Any CPU.Build.0 = Debug|Any CPU
		{0B8D4545-C81F-4D01-B448-DEA21AE5FA00}.Debug|x64.ActiveCfg = Debug|x64
		{0B8D4545-C81F-4D01-B448-DEA21AE5FA00}.Debug|x64.Build.0 = Debug|x64
		{0B8D4545-C81F-4D01-B448-DEA21AE5FA00}.Release|Any CPU.ActiveCfg = Release|Any CPU
		{0B8D4545-C81F-4D01-B448-DEA21AE5FA00}.Release|Any CPU.Build.0 = Release|Any CPU
		{0B8D4545-C81F-4D01-B448-DEA21AE5FA00}.Release|x64.ActiveCfg = Release|x64
		{0B8D4545-C81F-4D01-B448-DEA21AE5FA00}.Release|x64.Build.0 = Release|x64
		{2D8106E6-4386-4427-9C90-04EA190B7484}.Debug|Any CPU.ActiveCfg = Debug|Any CPU
		{2D8106E6-4386-4427-9C90-04EA190B7484}.Debug|Any CPU.Build.0 = Debug|Any CPU
		{2D8106E6-4386-4427-9C90-04EA190B7484}.Debug|x64.ActiveCfg = Debug|x64
		{2D8106E6-4386-4427-9C90-04EA190B7484}.Debug|x64.Build.0 = Debug|x64
		{2D8106E6-4386-4427-9C90-04EA190B7484}.Release|Any CPU.ActiveCfg = Release|Any CPU
		{2D8106E6-4386-4427-9C90-04EA190B7484}.Release|Any CPU.Build.0 = Release|Any CPU
		{2D8106E6-4386-4427-9C90-04EA190B7484}.Release|x64.ActiveCfg = Release|x64
		{2D8106E6-4386-4427-9C90-04EA190B7484}.Release|x64.Build.0 = Release|x64
		{2FA9717D-CF6B-4813-AE82-72A1F3D55A58}.Debug|Any CPU.ActiveCfg = Debug|Any CPU
		{2FA9717D-CF6B-4813-AE82-72A1F3D55A58}.Debug|Any CPU.Build.0 = Debug|Any CPU
		{2FA9717D-CF6B-4813-AE82-72A1F3D55A58}.Debug|x64.ActiveCfg = Debug|Any CPU
		{2FA9717D-CF6B-4813-AE82-72A1F3D55A58}.Debug|x64.Build.0 = Debug|Any CPU
		{2FA9717D-CF6B-4813-AE82-72A1F3D55A58}.Release|Any CPU.ActiveCfg = Release|Any CPU
		{2FA9717D-CF6B-4813-AE82-72A1F3D55A58}.Release|Any CPU.Build.0 = Release|Any CPU
		{2FA9717D-CF6B-4813-AE82-72A1F3D55A58}.Release|x64.ActiveCfg = Release|Any CPU
		{2FA9717D-CF6B-4813-AE82-72A1F3D55A58}.Release|x64.Build.0 = Release|Any CPU
	EndGlobalSection
	GlobalSection(SolutionProperties) = preSolution
		HideSolutionNode = FALSE
	EndGlobalSection
	GlobalSection(ExtensibilityGlobals) = postSolution
		SolutionGuid = {1C26644D-A659-4ED3-B2E2-52CEEABBB366}
	EndGlobalSection
EndGlobal
